
Microsoft Visual Studio Solution File, Format Version 12.00
# Visual Studio 2013
VisualStudioVersion = 12.0.21005.1
MinimumVisualStudioVersion = 10.0.40219.1
Project("{FAE04EC0-301F-11D3-BF4B-00C04F79EFBC}") = "VoiceControl", "VoiceControl\VoiceControl.csproj", "{5595225F-D49F-4C4B-9FE0-D72E176AFF8A}"
EndProject
Project("{FAE04EC0-301F-11D3-BF4B-00C04F79EFBC}") = "VoiceControlLib", "VoiceControlLib\VoiceControlLib.csproj", "{385BA379-4E22-468E-AF05-C97D5A3FDCF2}"
EndProject
Project("{FAE04EC0-301F-11D3-BF4B-00C04F79EFBC}") = "VCTestHarness", "VCTestHarness\VCTestHarness.csproj", "{DB77E2D5-528B-49BA-95BA-9C2775659372}"
EndProject
Project("{FAE04EC0-301F-11D3-BF4B-00C04F79EFBC}") = "VoiceControlAPI", "VoiceControlAPI\VoiceControlAPI.csproj", "{58E043B1-F319-4A0B-86DD-3ACBA95DCAC5}"
EndProject
Project("{FAE04EC0-301F-11D3-BF4B-00C04F79EFBC}") = "EliteLibrary", "EliteLibrary\EliteLibrary.csproj", "{F93EABD1-A0A0-4AB8-8A8B-A9BAD4CE24B2}"
EndProject
Global
	GlobalSection(SolutionConfigurationPlatforms) = preSolution
		Debug|Any CPU = Debug|Any CPU
		Release|Any CPU = Release|Any CPU
	EndGlobalSection
	GlobalSection(ProjectConfigurationPlatforms) = postSolution
		{5595225F-D49F-4C4B-9FE0-D72E176AFF8A}.Debug|Any CPU.ActiveCfg = Debug|Any CPU
		{5595225F-D49F-4C4B-9FE0-D72E176AFF8A}.Debug|Any CPU.Build.0 = Debug|Any CPU
		{5595225F-D49F-4C4B-9FE0-D72E176AFF8A}.Release|Any CPU.ActiveCfg = Release|Any CPU
		{5595225F-D49F-4C4B-9FE0-D72E176AFF8A}.Release|Any CPU.Build.0 = Release|Any CPU
		{385BA379-4E22-468E-AF05-C97D5A3FDCF2}.Debug|Any CPU.ActiveCfg = Debug|Any CPU
		{385BA379-4E22-468E-AF05-C97D5A3FDCF2}.Debug|Any CPU.Build.0 = Debug|Any CPU
		{385BA379-4E22-468E-AF05-C97D5A3FDCF2}.Release|Any CPU.ActiveCfg = Release|Any CPU
		{385BA379-4E22-468E-AF05-C97D5A3FDCF2}.Release|Any CPU.Build.0 = Release|Any CPU
		{DB77E2D5-528B-49BA-95BA-9C2775659372}.Debug|Any CPU.ActiveCfg = Debug|Any CPU
		{DB77E2D5-528B-49BA-95BA-9C2775659372}.Debug|Any CPU.Build.0 = Debug|Any CPU
		{DB77E2D5-528B-49BA-95BA-9C2775659372}.Release|Any CPU.ActiveCfg = Release|Any CPU
		{DB77E2D5-528B-49BA-95BA-9C2775659372}.Release|Any CPU.Build.0 = Release|Any CPU
		{58E043B1-F319-4A0B-86DD-3ACBA95DCAC5}.Debug|Any CPU.ActiveCfg = Debug|Any CPU
		{58E043B1-F319-4A0B-86DD-3ACBA95DCAC5}.Debug|Any CPU.Build.0 = Debug|Any CPU
		{58E043B1-F319-4A0B-86DD-3ACBA95DCAC5}.Release|Any CPU.ActiveCfg = Release|Any CPU
		{58E043B1-F319-4A0B-86DD-3ACBA95DCAC5}.Release|Any CPU.Build.0 = Release|Any CPU
		{F93EABD1-A0A0-4AB8-8A8B-A9BAD4CE24B2}.Debug|Any CPU.ActiveCfg = Debug|Any CPU
		{F93EABD1-A0A0-4AB8-8A8B-A9BAD4CE24B2}.Debug|Any CPU.Build.0 = Debug|Any CPU
		{F93EABD1-A0A0-4AB8-8A8B-A9BAD4CE24B2}.Release|Any CPU.ActiveCfg = Release|Any CPU
		{F93EABD1-A0A0-4AB8-8A8B-A9BAD4CE24B2}.Release|Any CPU.Build.0 = Release|Any CPU
	EndGlobalSection
	GlobalSection(SolutionProperties) = preSolution
		HideSolutionNode = FALSE
	EndGlobalSection
EndGlobal
